Microsoft Visual Studio Solution File, Format Version 11.00
# Visual Studio 2008

Project("{86AF7866-2ECE-83D8-0A3A-2C038E4141BF}") = "IAR Adaptive Curiosity", "Assembly-CSharp.csproj", "{C1EA9289-0177-FC04-8ADC-DA7DDAB2A015}"
EndProject
Global
	GlobalSection(SolutionConfigurationPlatforms) = preSolution
		Debug|Any CPU = Debug|Any CPU
		Release|Any CPU = Release|Any CPU
	EndGlobalSection
	GlobalSection(ProjectConfigurationPlatforms) = postSolution
		{C1EA9289-0177-FC04-8ADC-DA7DDAB2A015}.Debug|Any CPU.ActiveCfg = Debug|Any CPU
		{C1EA9289-0177-FC04-8ADC-DA7DDAB2A015}.Debug|Any CPU.Build.0 = Debug|Any CPU
		{C1EA9289-0177-FC04-8ADC-DA7DDAB2A015}.Release|Any CPU.ActiveCfg = Release|Any CPU
		{C1EA9289-0177-FC04-8ADC-DA7DDAB2A015}.Release|Any CPU.Build.0 = Release|Any CPU
	EndGlobalSection
	GlobalSection(SolutionProperties) = preSolution
		HideSolutionNode = FALSE
	EndGlobalSection
	GlobalSection(MonoDevelopProperties) = preSolution
		StartupItem = Assembly-CSharp.csproj
	EndGlobalSection
EndGlobal
